github.com/buger/jsonparser v1.0.0 h1:etJTGF5ESxjI0Ic2UaLQs2LQQpa8G9ykQScukbh4L8A=
github.com/buger/jsonparser v1.0.0/go.mod h1:tgcrVJ81GPSF0mz+0nu1Xaz0fazGPrmmJfJtxjbHhUQ=
github.com/mylxsw/container v0.0.0-20200525090619-01208c02b074 h1:8OLLLh/tG7M5kQrkmFIVYFpj2bLUtYZ3q+jp4vcA5gQ=
github.com/mylxsw/container v0.0.0-20200525090619-01208c02b074/go.mod h1:UDbF8EtqT7jB0yDc6g9u4P8ORvw4RbFot1QputpgR5U=
github.com/pkg/errors v0.9.1 h1:FEBLx1zS214owpjy7qsBeixbURkuhQAwrK5UwLGTwt4=
github.com/pkg/errors v0.9.1/go.mod h1:bwawxfHBFNV+L2hUp1rHADufV3IMtnDRdf1r5NINEl0=
gopkg.in/check.v1 v0.0.0-20161208181325-20d25e280405/go.mod h1:Co6ibVJAznAaIkqp8huTwlJQCZ016jof/cbN4VW5Yz0=
gopkg.in/yaml.v2 v2.3.0 h1:clyUAQHOM3G0M3f5vQj7LuJrETvjVot3Z5el9nffUtU=
gopkg.in/yaml.v2 v2.3.0/go.mod h1:hI93XBmqTisBFMUTm0b8Fm+jr3Dg1NNxqwp+5A1VGuI=
